<Solution>
  <Folder Name="/.github/" />
  <Folder Name="/.github/workflows/">
    <File Path=".github/workflows/create-release.yml" />
  </Folder>
  <Folder Name="/iac/">
    <File Path="iac/should-release.cs" />
    <Project Path="iac/Deploy/Deploy.csproj" />
  </Folder>
  <Folder Name="/Solution Items/">
    <File Path=".editorconfig" />
    <File Path=".gitignore" />
    <File Path=".globalconfig" />
    <File Path="Directory.Build.props" />
    <File Path="Directory.Packages.props" />
    <File Path="global.json" />
    <File Path="NotesToUsers.md" />
    <File Path="nuget.config" />
    <File Path="README.md" />
  </Folder>
  <Folder Name="/src/">
    <File Path="src/update-sharpide.cs" />
    <Project Path="src/SharpIDE.FSharp/SharpIDE.FSharp.fsproj" Id="349f021e-2930-451b-b8bd-8657a7516b94" />
    <Project Path="src/SharpIDE.Application/SharpIDE.Application.csproj" />
    <Project Path="src/SharpIDE.Godot/SharpIDE.Godot.csproj">
      <BuildType Project="Debug" />
    </Project>
    <Project Path="src/SharpIDE.MsBuildHost.Contracts/SharpIDE.MsBuildHost.Contracts.csproj" />
    <Project Path="src/SharpIDE.MsBuildHost/SharpIDE.MsBuildHost.csproj" />
    <Project Path="src/SharpIDE.Photino/SharpIDE.Photino.csproj" />
  </Folder>
  <Folder Name="/tests/">
    <Project Path="tests/Roslyn.Benchmarks/Roslyn.Benchmarks.csproj" />
    <Project Path="tests/SharpIDE.Application.IntegrationTests/SharpIDE.Application.IntegrationTests.csproj" />
  </Folder>
  <Folder Name="/tools/">
    <Project Path="tools/AppHost/AppHost.csproj" />
    <Project Path="tools/GodotServiceDefaults/GodotServiceDefaults.csproj" />
  </Folder>
</Solution>
